
Microsoft Visual Studio Solution File, Format Version 12.00
# Visual Studio Version 16
VisualStudioVersion = 16.0.32413.511
MinimumVisualStudioVersion = 10.0.40219.1
Project("{FAE04EC0-301F-11D3-BF4B-00C04F79EFBC}") = "Ejercicio15", "Ejercicio15\Ejercicio15.csproj", "{A60E6AE2-A1CC-46A0-9C58-3359E58391AE}"
EndProject
Global
	GlobalSection(SolutionConfigurationPlatforms) = preSolution
		Debug|Any CPU = Debug|Any CPU
		Release|Any CPU = Release|Any CPU
	EndGlobalSection
	GlobalSection(ProjectConfigurationPlatforms) = postSolution
		{A60E6AE2-A1CC-46A0-9C58-3359E58391AE}.Debug|Any CPU.ActiveCfg = Debug|Any CPU
		{A60E6AE2-A1CC-46A0-9C58-3359E58391AE}.Debug|Any CPU.Build.0 = Debug|Any CPU
		{A60E6AE2-A1CC-46A0-9C58-3359E58391AE}.Release|Any CPU.ActiveCfg = Release|Any CPU
		{A60E6AE2-A1CC-46A0-9C58-3359E58391AE}.Release|Any CPU.Build.0 = Release|Any CPU
	EndGlobalSection
	GlobalSection(SolutionProperties) = preSolution
		HideSolutionNode = FALSE
	EndGlobalSection
	GlobalSection(ExtensibilityGlobals) = postSolution
		SolutionGuid = {B4021932-F3AB-40A5-8F93-B61C4E71AC43}
	EndGlobalSection
EndGlobal
